
Microsoft Visual Studio Solution File, Format Version 12.00
# Visual Studio Version 16
VisualStudioVersion = 16.0.29613.14
MinimumVisualStudioVersion = 10.0.40219.1
Project("{9A19103F-16F7-4668-BE54-9A1E7A4F7556}") = "Mortgage.Products.MVP.API", "Mortgage.Products.MVP.API\Mortgage.Products.MVP.API.csproj", "{03C14DC0-7B3B-4C56-85CD-86F52AA6FAF0}"
EndProject
Project("{FAE04EC0-301F-11D3-BF4B-00C04F79EFBC}") = "Mortgage.Products.MVP.UI", "..\Mortgage.Products.MVP\Mortgage.Products.MVP.UI\Mortgage.Products.MVP.UI.csproj", "{9E727112-DCE4-47F1-8EC7-A1524365D7F0}"
EndProject
Global
	GlobalSection(SolutionConfigurationPlatforms) = preSolution
		Debug|Any CPU = Debug|Any CPU
		Release|Any CPU = Release|Any CPU
	EndGlobalSection
	GlobalSection(ProjectConfigurationPlatforms) = postSolution
		{03C14DC0-7B3B-4C56-85CD-86F52AA6FAF0}.Debug|Any CPU.ActiveCfg = Debug|Any CPU
		{03C14DC0-7B3B-4C56-85CD-86F52AA6FAF0}.Debug|Any CPU.Build.0 = Debug|Any CPU
		{03C14DC0-7B3B-4C56-85CD-86F52AA6FAF0}.Release|Any CPU.ActiveCfg = Release|Any CPU
		{03C14DC0-7B3B-4C56-85CD-86F52AA6FAF0}.Release|Any CPU.Build.0 = Release|Any CPU
		{9E727112-DCE4-47F1-8EC7-A1524365D7F0}.Debug|Any CPU.ActiveCfg = Debug|Any CPU
		{9E727112-DCE4-47F1-8EC7-A1524365D7F0}.Debug|Any CPU.Build.0 = Debug|Any CPU
		{9E727112-DCE4-47F1-8EC7-A1524365D7F0}.Release|Any CPU.ActiveCfg = Release|Any CPU
		{9E727112-DCE4-47F1-8EC7-A1524365D7F0}.Release|Any CPU.Build.0 = Release|Any CPU
	EndGlobalSection
	GlobalSection(SolutionProperties) = preSolution
		HideSolutionNode = FALSE
	EndGlobalSection
	GlobalSection(ExtensibilityGlobals) = postSolution
		SolutionGuid = {A819EEA8-5718-452F-A13C-D8DF057C2B26}
	EndGlobalSection
EndGlobal
